// !$*UTF8*$!
{
	archiveVersion = 1;
	classes = {
	};
	objectVersion = 56;
	objects = {

/* Begin PBXBuildFile section */
		25E106882B68E4640075D34E /* AppDelegate.swift in Sources */ = {isa = PBXBuildFile; fileRef = 25E106872B68E4640075D34E /* AppDelegate.swift */; };
		25E1068A2B68E4640075D34E /* SceneDelegate.swift in Sources */ = {isa = PBXBuildFile; fileRef = 25E106892B68E4640075D34E /* SceneDelegate.swift */; };
		25E1068C2B68E4640075D34E /* RMTabBarController.swift in Sources */ = {isa = PBXBuildFile; fileRef = 25E1068B2B68E4640075D34E /* RMTabBarController.swift */; };
		25E106912B68E4660075D34E /* Assets.xcassets in Resources */ = {isa = PBXBuildFile; fileRef = 25E106902B68E4660075D34E /* Assets.xcassets */; };
		25E106942B68E4660075D34E /* LaunchScreen.storyboard in Resources */ = {isa = PBXBuildFile; fileRef = 25E106922B68E4660075D34E /* LaunchScreen.storyboard */; };
		25E106A32B68E8730075D34E /* RMLocation.swift in Sources */ = {isa = PBXBuildFile; fileRef = 25E106A22B68E8730075D34E /* RMLocation.swift */; };
		25E106A52B68E88B0075D34E /* RMCharacter.swift in Sources */ = {isa = PBXBuildFile; fileRef = 25E106A42B68E88B0075D34E /* RMCharacter.swift */; };
		25E106A72B68E8920075D34E /* RMEpisode.swift in Sources */ = {isa = PBXBuildFile; fileRef = 25E106A62B68E8920075D34E /* RMEpisode.swift */; };
		25E106AB2B68E9380075D34E /* RMCharacterViewController.swift in Sources */ = {isa = PBXBuildFile; fileRef = 25E106AA2B68E9380075D34E /* RMCharacterViewController.swift */; };
		25E106AD2B68E9410075D34E /* RMLocationViewController.swift in Sources */ = {isa = PBXBuildFile; fileRef = 25E106AC2B68E9410075D34E /* RMLocationViewController.swift */; };
		25E106AF2B68E94A0075D34E /* RMEpisodeViewController.swift in Sources */ = {isa = PBXBuildFile; fileRef = 25E106AE2B68E94A0075D34E /* RMEpisodeViewController.swift */; };
		25E106B12B68E9640075D34E /* RMSettingsViewController.swift in Sources */ = {isa = PBXBuildFile; fileRef = 25E106B02B68E9640075D34E /* RMSettingsViewController.swift */; };
		25E106B32B6B5E170075D34E /* RMService.swift in Sources */ = {isa = PBXBuildFile; fileRef = 25E106B22B6B5E170075D34E /* RMService.swift */; };
		25E106B52B6B5E1D0075D34E /* RMRequest.swift in Sources */ = {isa = PBXBuildFile; fileRef = 25E106B42B6B5E1D0075D34E /* RMRequest.swift */; };
		25E106B72B6B5EE10075D34E /* RMEndpoint.swift in Sources */ = {isa = PBXBuildFile; fileRef = 25E106B62B6B5EE10075D34E /* RMEndpoint.swift */; };
		25E106B92B6B6B190075D34E /* RMOrigin.swift in Sources */ = {isa = PBXBuildFile; fileRef = 25E106B82B6B6B190075D34E /* RMOrigin.swift */; };
		25E106BB2B6B6B6E0075D34E /* RMSingleLocation.swift in Sources */ = {isa = PBXBuildFile; fileRef = 25E106BA2B6B6B6E0075D34E /* RMSingleLocation.swift */; };
		25E106BD2B6B6C720075D34E /* RMCharacterStatus.swift in Sources */ = {isa = PBXBuildFile; fileRef = 25E106BC2B6B6C720075D34E /* RMCharacterStatus.swift */; };
		25E106BF2B6B6C950075D34E /* RMCharacterGender.swift in Sources */ = {isa = PBXBuildFile; fileRef = 25E106BE2B6B6C950075D34E /* RMCharacterGender.swift */; };
		25E106C32B7CEE1C0075D34E /* RMGetAllCharactersResponse.swift in Sources */ = {isa = PBXBuildFile; fileRef = 25E106C22B7CEE1C0075D34E /* RMGetAllCharactersResponse.swift */; };
		25E106C52B7CF1CF0075D34E /* RMCharacterListViewViewModel.swift in Sources */ = {isa = PBXBuildFile; fileRef = 25E106C42B7CF1CF0075D34E /* RMCharacterListViewViewModel.swift */; };
		25E106C72B7CF21B0075D34E /* RMCharacterListView.swift in Sources */ = {isa = PBXBuildFile; fileRef = 25E106C62B7CF21B0075D34E /* RMCharacterListView.swift */; };
		25E106C92B7CF5310075D34E /* Extensions.swift in Sources */ = {isa = PBXBuildFile; fileRef = 25E106C82B7CF5310075D34E /* Extensions.swift */; };
		25E106CB2B7CFF2D0075D34E /* RMCharacterCollectionViewCell.swift in Sources */ = {isa = PBXBuildFile; fileRef = 25E106CA2B7CFF2D0075D34E /* RMCharacterCollectionViewCell.swift */; };
		25E106CD2B7D00980075D34E /* RMCharacterCollectionViewCellViewModel.swift in Sources */ = {isa = PBXBuildFile; fileRef = 25E106CC2B7D00980075D34E /* RMCharacterCollectionViewCellViewModel.swift */; };
		25E106D02B7FA1A60075D34E /* RMCharacterDetailViewController.swift in Sources */ = {isa = PBXBuildFile; fileRef = 25E106CF2B7FA1A60075D34E /* RMCharacterDetailViewController.swift */; };
		25E106D22B7FA2090075D34E /* RMCharacterDetailView.swift in Sources */ = {isa = PBXBuildFile; fileRef = 25E106D12B7FA2090075D34E /* RMCharacterDetailView.swift */; };
		25E106D42B7FA21B0075D34E /* RMCharacterDetailViewViewModel.swift in Sources */ = {isa = PBXBuildFile; fileRef = 25E106D32B7FA21B0075D34E /* RMCharacterDetailViewViewModel.swift */; };
/* End PBXBuildFile section */

/* Begin PBXFileReference section */
		25E106842B68E4640075D34E /* RickAndMorty.app */ = {isa = PBXFileReference; explicitFileType = wrapper.application; includeInIndex = 0; path = RickAndMorty.app; sourceTree = BUILT_PRODUCTS_DIR; };
		25E106872B68E4640075D34E /* AppDelegate.swift */ = {isa = PBXFileReference; lastKnownFileType = sourcecode.swift; path = AppDelegate.swift; sourceTree = "<group>"; };
		25E106892B68E4640075D34E /* SceneDelegate.swift */ = {isa = PBXFileReference; lastKnownFileType = sourcecode.swift; path = SceneDelegate.swift; sourceTree = "<group>"; };
		25E1068B2B68E4640075D34E /* RMTabBarController.swift */ = {isa = PBXFileReference; lastKnownFileType = sourcecode.swift; path = RMTabBarController.swift; sourceTree = "<group>"; };
		25E106902B68E4660075D34E /* Assets.xcassets */ = {isa = PBXFileReference; lastKnownFileType = folder.assetcatalog; path = Assets.xcassets; sourceTree = "<group>"; };
		25E106932B68E4660075D34E /* Base */ = {isa = PBXFileReference; lastKnownFileType = file.storyboard; name = Base; path = Base.lproj/LaunchScreen.storyboard; sourceTree = "<group>"; };
		25E106952B68E4660075D34E /* Info.plist */ = {isa = PBXFileReference; lastKnownFileType = text.plist.xml; path = Info.plist; sourceTree = "<group>"; };
		25E106A22B68E8730075D34E /* RMLocation.swift */ = {isa = PBXFileReference; lastKnownFileType = sourcecode.swift; path = RMLocation.swift; sourceTree = "<group>"; };
		25E106A42B68E88B0075D34E /* RMCharacter.swift */ = {isa = PBXFileReference; lastKnownFileType = sourcecode.swift; path = RMCharacter.swift; sourceTree = "<group>"; };
		25E106A62B68E8920075D34E /* RMEpisode.swift */ = {isa = PBXFileReference; lastKnownFileType = sourcecode.swift; path = RMEpisode.swift; sourceTree = "<group>"; };
		25E106AA2B68E9380075D34E /* RMCharacterViewController.swift */ = {isa = PBXFileReference; lastKnownFileType = sourcecode.swift; path = RMCharacterViewController.swift; sourceTree = "<group>"; };
		25E106AC2B68E9410075D34E /* RMLocationViewController.swift */ = {isa = PBXFileReference; lastKnownFileType = sourcecode.swift; path = RMLocationViewController.swift; sourceTree = "<group>"; };
		25E106AE2B68E94A0075D34E /* RMEpisodeViewController.swift */ = {isa = PBXFileReference; lastKnownFileType = sourcecode.swift; path = RMEpisodeViewController.swift; sourceTree = "<group>"; };
		25E106B02B68E9640075D34E /* RMSettingsViewController.swift */ = {isa = PBXFileReference; lastKnownFileType = sourcecode.swift; path = RMSettingsViewController.swift; sourceTree = "<group>"; };
		25E106B22B6B5E170075D34E /* RMService.swift */ = {isa = PBXFileReference; lastKnownFileType = sourcecode.swift; path = RMService.swift; sourceTree = "<group>"; };
		25E106B42B6B5E1D0075D34E /* RMRequest.swift */ = {isa = PBXFileReference; lastKnownFileType = sourcecode.swift; path = RMRequest.swift; sourceTree = "<group>"; };
		25E106B62B6B5EE10075D34E /* RMEndpoint.swift */ = {isa = PBXFileReference; lastKnownFileType = sourcecode.swift; path = RMEndpoint.swift; sourceTree = "<group>"; };
		25E106B82B6B6B190075D34E /* RMOrigin.swift */ = {isa = PBXFileReference; lastKnownFileType = sourcecode.swift; path = RMOrigin.swift; sourceTree = "<group>"; };
		25E106BA2B6B6B6E0075D34E /* RMSingleLocation.swift */ = {isa = PBXFileReference; lastKnownFileType = sourcecode.swift; path = RMSingleLocation.swift; sourceTree = "<group>"; };
		25E106BC2B6B6C720075D34E /* RMCharacterStatus.swift */ = {isa = PBXFileReference; lastKnownFileType = sourcecode.swift; path = RMCharacterStatus.swift; sourceTree = "<group>"; };
		25E106BE2B6B6C950075D34E /* RMCharacterGender.swift */ = {isa = PBXFileReference; lastKnownFileType = sourcecode.swift; path = RMCharacterGender.swift; sourceTree = "<group>"; };
		25E106C22B7CEE1C0075D34E /* RMGetAllCharactersResponse.swift */ = {isa = PBXFileReference; lastKnownFileType = sourcecode.swift; path = RMGetAllCharactersResponse.swift; sourceTree = "<group>"; };
		25E106C42B7CF1CF0075D34E /* RMCharacterListViewViewModel.swift */ = {isa = PBXFileReference; lastKnownFileType = sourcecode.swift; path = RMCharacterListViewViewModel.swift; sourceTree = "<group>"; };
		25E106C62B7CF21B0075D34E /* RMCharacterListView.swift */ = {isa = PBXFileReference; lastKnownFileType = sourcecode.swift; path = RMCharacterListView.swift; sourceTree = "<group>"; };
		25E106C82B7CF5310075D34E /* Extensions.swift */ = {isa = PBXFileReference; lastKnownFileType = sourcecode.swift; path = Extensions.swift; sourceTree = "<group>"; };
		25E106CA2B7CFF2D0075D34E /* RMCharacterCollectionViewCell.swift */ = {isa = PBXFileReference; lastKnownFileType = sourcecode.swift; path = RMCharacterCollectionViewCell.swift; sourceTree = "<group>"; };
		25E106CC2B7D00980075D34E /* RMCharacterCollectionViewCellViewModel.swift */ = {isa = PBXFileReference; lastKnownFileType = sourcecode.swift; path = RMCharacterCollectionViewCellViewModel.swift; sourceTree = "<group>"; };
		25E106CF2B7FA1A60075D34E /* RMCharacterDetailViewController.swift */ = {isa = PBXFileReference; lastKnownFileType = sourcecode.swift; path = RMCharacterDetailViewController.swift; sourceTree = "<group>"; };
		25E106D12B7FA2090075D34E /* RMCharacterDetailView.swift */ = {isa = PBXFileReference; lastKnownFileType = sourcecode.swift; path = RMCharacterDetailView.swift; sourceTree = "<group>"; };
		25E106D32B7FA21B0075D34E /* RMCharacterDetailViewViewModel.swift */ = {isa = PBXFileReference; lastKnownFileType = sourcecode.swift; path = RMCharacterDetailViewViewModel.swift; sourceTree = "<group>"; };
/* End PBXFileReference section */

/* Begin PBXFrameworksBuildPhase section */
		25E106812B68E4640075D34E /* Frameworks */ = {
			isa = PBXFrameworksBuildPhase;
			buildActionMask = 2147483647;
			files = (
			);
			runOnlyForDeploymentPostprocessing = 0;
		};
/* End PBXFrameworksBuildPhase section */

/* Begin PBXGroup section */
		25E1067B2B68E4640075D34E = {
			isa = PBXGroup;
			children = (
				25E106862B68E4640075D34E /* RickAndMorty */,
				25E106852B68E4640075D34E /* Products */,
			);
			sourceTree = "<group>";
		};
		25E106852B68E4640075D34E /* Products */ = {
			isa = PBXGroup;
			children = (
				25E106842B68E4640075D34E /* RickAndMorty.app */,
			);
			name = Products;
			sourceTree = "<group>";
		};
		25E106862B68E4640075D34E /* RickAndMorty */ = {
			isa = PBXGroup;
			children = (
				25E106A12B68E7D40075D34E /* Resources */,
				25E1069F2B68E7A50075D34E /* Managers */,
				25E106A02B68E7BA0075D34E /* APIClients */,
				25E1069E2B68E7930075D34E /* ViewModels */,
				25E1069D2B68E7910075D34E /* Views */,
				25E1069C2B68E78A0075D34E /* Models */,
				25E1069B2B68E7840075D34E /* Controllers */,
				25E106952B68E4660075D34E /* Info.plist */,
			);
			path = RickAndMorty;
			sourceTree = "<group>";
		};
		25E1069B2B68E7840075D34E /* Controllers */ = {
			isa = PBXGroup;
			children = (
				25E106CE2B7FA1890075D34E /* Other */,
				25E106A82B68E90D0075D34E /* Core */,
			);
			path = Controllers;
			sourceTree = "<group>";
		};
		25E1069C2B68E78A0075D34E /* Models */ = {
			isa = PBXGroup;
			children = (
				25E106C12B7CEDFB0075D34E /* APIResponseTypes */,
				25E106C02B7CEDE90075D34E /* DataTypes */,
			);
			path = Models;
			sourceTree = "<group>";
		};
		25E1069D2B68E7910075D34E /* Views */ = {
			isa = PBXGroup;
			children = (
				25E106C62B7CF21B0075D34E /* RMCharacterListView.swift */,
				25E106CA2B7CFF2D0075D34E /* RMCharacterCollectionViewCell.swift */,
				25E106D12B7FA2090075D34E /* RMCharacterDetailView.swift */,
			);
			path = Views;
			sourceTree = "<group>";
		};
		25E1069E2B68E7930075D34E /* ViewModels */ = {
			isa = PBXGroup;
			children = (
				25E106C42B7CF1CF0075D34E /* RMCharacterListViewViewModel.swift */,
				25E106CC2B7D00980075D34E /* RMCharacterCollectionViewCellViewModel.swift */,
				25E106D32B7FA21B0075D34E /* RMCharacterDetailViewViewModel.swift */,
			);
			path = ViewModels;
			sourceTree = "<group>";
		};
		25E1069F2B68E7A50075D34E /* Managers */ = {
			isa = PBXGroup;
			children = (
			);
			path = Managers;
			sourceTree = "<group>";
		};
		25E106A02B68E7BA0075D34E /* APIClients */ = {
			isa = PBXGroup;
			children = (
				25E106B22B6B5E170075D34E /* RMService.swift */,
				25E106B42B6B5E1D0075D34E /* RMRequest.swift */,
				25E106B62B6B5EE10075D34E /* RMEndpoint.swift */,
			);
			path = APIClients;
			sourceTree = "<group>";
		};
		25E106A12B68E7D40075D34E /* Resources */ = {
			isa = PBXGroup;
			children = (
				25E106902B68E4660075D34E /* Assets.xcassets */,
				25E106922B68E4660075D34E /* LaunchScreen.storyboard */,
				25E106872B68E4640075D34E /* AppDelegate.swift */,
				25E106892B68E4640075D34E /* SceneDelegate.swift */,
				25E106C82B7CF5310075D34E /* Extensions.swift */,
			);
			path = Resources;
			sourceTree = "<group>";
		};
		25E106A82B68E90D0075D34E /* Core */ = {
			isa = PBXGroup;
			children = (
				25E1068B2B68E4640075D34E /* RMTabBarController.swift */,
				25E106AA2B68E9380075D34E /* RMCharacterViewController.swift */,
				25E106AC2B68E9410075D34E /* RMLocationViewController.swift */,
				25E106AE2B68E94A0075D34E /* RMEpisodeViewController.swift */,
				25E106B02B68E9640075D34E /* RMSettingsViewController.swift */,
			);
			path = Core;
			sourceTree = "<group>";
		};
		25E106C02B7CEDE90075D34E /* DataTypes */ = {
			isa = PBXGroup;
			children = (
				25E106A22B68E8730075D34E /* RMLocation.swift */,
				25E106A42B68E88B0075D34E /* RMCharacter.swift */,
				25E106A62B68E8920075D34E /* RMEpisode.swift */,
				25E106B82B6B6B190075D34E /* RMOrigin.swift */,
				25E106BA2B6B6B6E0075D34E /* RMSingleLocation.swift */,
				25E106BC2B6B6C720075D34E /* RMCharacterStatus.swift */,
				25E106BE2B6B6C950075D34E /* RMCharacterGender.swift */,
			);
			path = DataTypes;
			sourceTree = "<group>";
		};
		25E106C12B7CEDFB0075D34E /* APIResponseTypes */ = {
			isa = PBXGroup;
			children = (
				25E106C22B7CEE1C0075D34E /* RMGetAllCharactersResponse.swift */,
			);
			path = APIResponseTypes;
			sourceTree = "<group>";
		};
		25E106CE2B7FA1890075D34E /* Other */ = {
			isa = PBXGroup;
			children = (
				25E106CF2B7FA1A60075D34E /* RMCharacterDetailViewController.swift */,
			);
			path = Other;
			sourceTree = "<group>";
		};
/* End PBXGroup section */

/* Begin PBXNativeTarget section */
		25E106832B68E4640075D34E /* RickAndMorty */ = {
			isa = PBXNativeTarget;
			buildConfigurationList = 25E106982B68E4660075D34E /* Build configuration list for PBXNativeTarget "RickAndMorty" */;
			buildPhases = (
				25E106802B68E4640075D34E /* Sources */,
				25E106812B68E4640075D34E /* Frameworks */,
				25E106822B68E4640075D34E /* Resources */,
			);
			buildRules = (
			);
			dependencies = (
			);
			name = RickAndMorty;
			productName = RickAndMorty;
			productReference = 25E106842B68E4640075D34E /* RickAndMorty.app */;
			productType = "com.apple.product-type.application";
		};
/* End PBXNativeTarget section */

/* Begin PBXProject section */
		25E1067C2B68E4640075D34E /* Project object */ = {
			isa = PBXProject;
			attributes = {
				BuildIndependentTargetsInParallel = 1;
				LastSwiftUpdateCheck = 1520;
				LastUpgradeCheck = 1520;
				TargetAttributes = {
					25E106832B68E4640075D34E = {
						CreatedOnToolsVersion = 15.2;
					};
				};
			};
			buildConfigurationList = 25E1067F2B68E4640075D34E /* Build configuration list for PBXProject "RickAndMorty" */;
			compatibilityVersion = "Xcode 14.0";
			developmentRegion = en;
			hasScannedForEncodings = 0;
			knownRegions = (
				en,
				Base,
			);
			mainGroup = 25E1067B2B68E4640075D34E;
			productRefGroup = 25E106852B68E4640075D34E /* Products */;
			projectDirPath = "";
			projectRoot = "";
			targets = (
				25E106832B68E4640075D34E /* RickAndMorty */,
			);
		};
/* End PBXProject section */

/* Begin PBXResourcesBuildPhase section */
		25E106822B68E4640075D34E /* Resources */ = {
			isa = PBXResourcesBuildPhase;
			buildActionMask = 2147483647;
			files = (
				25E106942B68E4660075D34E /* LaunchScreen.storyboard in Resources */,
				25E106912B68E4660075D34E /* Assets.xcassets in Resources */,
			);
			runOnlyForDeploymentPostprocessing = 0;
		};
/* End PBXResourcesBuildPhase section */

/* Begin PBXSourcesBuildPhase section */
		25E106802B68E4640075D34E /* Sources */ = {
			isa = PBXSourcesBuildPhase;
			buildActionMask = 2147483647;
			files = (
				25E106B92B6B6B190075D34E /* RMOrigin.swift in Sources */,
				25E106D42B7FA21B0075D34E /* RMCharacterDetailViewViewModel.swift in Sources */,
				25E106BB2B6B6B6E0075D34E /* RMSingleLocation.swift in Sources */,
				25E106C72B7CF21B0075D34E /* RMCharacterListView.swift in Sources */,
				25E106C32B7CEE1C0075D34E /* RMGetAllCharactersResponse.swift in Sources */,
				25E106BD2B6B6C720075D34E /* RMCharacterStatus.swift in Sources */,
				25E106BF2B6B6C950075D34E /* RMCharacterGender.swift in Sources */,
				25E106D02B7FA1A60075D34E /* RMCharacterDetailViewController.swift in Sources */,
				25E106AD2B68E9410075D34E /* RMLocationViewController.swift in Sources */,
				25E106A72B68E8920075D34E /* RMEpisode.swift in Sources */,
				25E1068C2B68E4640075D34E /* RMTabBarController.swift in Sources */,
				25E106CB2B7CFF2D0075D34E /* RMCharacterCollectionViewCell.swift in Sources */,
				25E106AF2B68E94A0075D34E /* RMEpisodeViewController.swift in Sources */,
				25E106882B68E4640075D34E /* AppDelegate.swift in Sources */,
				25E1068A2B68E4640075D34E /* SceneDelegate.swift in Sources */,
				25E106B12B68E9640075D34E /* RMSettingsViewController.swift in Sources */,
				25E106C92B7CF5310075D34E /* Extensions.swift in Sources */,
				25E106B32B6B5E170075D34E /* RMService.swift in Sources */,
				25E106A32B68E8730075D34E /* RMLocation.swift in Sources */,
				25E106B72B6B5EE10075D34E /* RMEndpoint.swift in Sources */,
				25E106A52B68E88B0075D34E /* RMCharacter.swift in Sources */,
				25E106CD2B7D00980075D34E /* RMCharacterCollectionViewCellViewModel.swift in Sources */,
				25E106B52B6B5E1D0075D34E /* RMRequest.swift in Sources */,
				25E106C52B7CF1CF0075D34E /* RMCharacterListViewViewModel.swift in Sources */,
				25E106AB2B68E9380075D34E /* RMCharacterViewController.swift in Sources */,
				25E106D22B7FA2090075D34E /* RMCharacterDetailView.swift in Sources */,
			);
			runOnlyForDeploymentPostprocessing = 0;
		};
/* End PBXSourcesBuildPhase section */

/* Begin PBXVariantGroup section */
		25E106922B68E4660075D34E /* LaunchScreen.storyboard */ = {
			isa = PBXVariantGroup;
			children = (
				25E106932B68E4660075D34E /* Base */,
			);
			name = LaunchScreen.storyboard;
			sourceTree = "<group>";
		};
/* End PBXVariantGroup section */

/* Begin XCBuildConfiguration section */
		25E106962B68E4660075D34E /* Debug */ = {
			isa = XCBuildConfiguration;
			buildSettings = {
				ALWAYS_SEARCH_USER_PATHS = NO;
				ASSETCATALOG_COMPILER_GENERATE_SWIFT_ASSET_SYMBOL_EXTENSIONS = YES;
				CLANG_ANALYZER_NONNULL = YES;
				CLANG_ANALYZER_NUMBER_OBJECT_CONVERSION = YES_AGGRESSIVE;
				CLANG_CXX_LANGUAGE_STANDARD = "gnu++20";
				CLANG_ENABLE_MODULES = YES;
				CLANG_ENABLE_OBJC_ARC = YES;
				CLANG_ENABLE_OBJC_WEAK = YES;
				CLANG_WARN_BLOCK_CAPTURE_AUTORELEASING = YES;
				CLANG_WARN_BOOL_CONVERSION = YES;
				CLANG_WARN_COMMA = YES;
				CLANG_WARN_CONSTANT_CONVERSION = YES;
				CLANG_WARN_DEPRECATED_OBJC_IMPLEMENTATIONS = YES;
				CLANG_WARN_DIRECT_OBJC_ISA_USAGE = YES_ERROR;
				CLANG_WARN_DOCUMENTATION_COMMENTS = YES;
				CLANG_WARN_EMPTY_BODY = YES;
				CLANG_WARN_ENUM_CONVERSION = YES;
				CLANG_WARN_INFINITE_RECURSION = YES;
				CLANG_WARN_INT_CONVERSION = YES;
				CLANG_WARN_NON_LITERAL_NULL_CONVERSION = YES;
				CLANG_WARN_OBJC_IMPLICIT_RETAIN_SELF = YES;
				CLANG_WARN_OBJC_LITERAL_CONVERSION = YES;
				CLANG_WARN_OBJC_ROOT_CLASS = YES_ERROR;
				CLANG_WARN_QUOTED_INCLUDE_IN_FRAMEWORK_HEADER = YES;
				CLANG_WARN_RANGE_LOOP_ANALYSIS = YES;
				CLANG_WARN_STRICT_PROTOTYPES = YES;
				CLANG_WARN_SUSPICIOUS_MOVE = YES;
				CLANG_WARN_UNGUARDED_AVAILABILITY = YES_AGGRESSIVE;
				CLANG_WARN_UNREACHABLE_CODE = YES;
				CLANG_WARN__DUPLICATE_METHOD_MATCH = YES;
				COPY_PHASE_STRIP = NO;
				DEBUG_INFORMATION_FORMAT = dwarf;
				ENABLE_STRICT_OBJC_MSGSEND = YES;
				ENABLE_TESTABILITY = YES;
				ENABLE_USER_SCRIPT_SANDBOXING = YES;
				GCC_C_LANGUAGE_STANDARD = gnu17;
				GCC_DYNAMIC_NO_PIC = NO;
				GCC_NO_COMMON_BLOCKS = YES;
				GCC_OPTIMIZATION_LEVEL = 0;
				GCC_PREPROCESSOR_DEFINITIONS = (
					"DEBUG=1",
					"$(inherited)",
				);
				GCC_WARN_64_TO_32_BIT_CONVERSION = YES;
				GCC_WARN_ABOUT_RETURN_TYPE = YES_ERROR;
				GCC_WARN_UNDECLARED_SELECTOR = YES;
				GCC_WARN_UNINITIALIZED_AUTOS = YES_AGGRESSIVE;
				GCC_WARN_UNUSED_FUNCTION = YES;
				GCC_WARN_UNUSED_VARIABLE = YES;
				IPHONEOS_DEPLOYMENT_TARGET = 16.0;
				LOCALIZATION_PREFERS_STRING_CATALOGS = YES;
				MTL_ENABLE_DEBUG_INFO = INCLUDE_SOURCE;
				MTL_FAST_MATH = YES;
				ONLY_ACTIVE_ARCH = YES;
				SDKROOT = iphoneos;
				SWIFT_ACTIVE_COMPILATION_CONDITIONS = "DEBUG $(inherited)";
				SWIFT_OPTIMIZATION_LEVEL = "-Onone";
			};
			name = Debug;
		};
		25E106972B68E4660075D34E /* Release */ = {
			isa = XCBuildConfiguration;
			buildSettings = {
				ALWAYS_SEARCH_USER_PATHS = NO;
				ASSETCATALOG_COMPILER_GENERATE_SWIFT_ASSET_SYMBOL_EXTENSIONS = YES;
				CLANG_ANALYZER_NONNULL = YES;
				CLANG_ANALYZER_NUMBER_OBJECT_CONVERSION = YES_AGGRESSIVE;
				CLANG_CXX_LANGUAGE_STANDARD = "gnu++20";
				CLANG_ENABLE_MODULES = YES;
				CLANG_ENABLE_OBJC_ARC = YES;
				CLANG_ENABLE_OBJC_WEAK = YES;
				CLANG_WARN_BLOCK_CAPTURE_AUTORELEASING = YES;
				CLANG_WARN_BOOL_CONVERSION = YES;
				CLANG_WARN_COMMA = YES;
				CLANG_WARN_CONSTANT_CONVERSION = YES;
				CLANG_WARN_DEPRECATED_OBJC_IMPLEMENTATIONS = YES;
				CLANG_WARN_DIRECT_OBJC_ISA_USAGE = YES_ERROR;
				CLANG_WARN_DOCUMENTATION_COMMENTS = YES;
				CLANG_WARN_EMPTY_BODY = YES;
				CLANG_WARN_ENUM_CONVERSION = YES;
				CLANG_WARN_INFINITE_RECURSION = YES;
				CLANG_WARN_INT_CONVERSION = YES;
				CLANG_WARN_NON_LITERAL_NULL_CONVERSION = YES;
				CLANG_WARN_OBJC_IMPLICIT_RETAIN_SELF = YES;
				CLANG_WARN_OBJC_LITERAL_CONVERSION = YES;
				CLANG_WARN_OBJC_ROOT_CLASS = YES_ERROR;
				CLANG_WARN_QUOTED_INCLUDE_IN_FRAMEWORK_HEADER = YES;
				CLANG_WARN_RANGE_LOOP_ANALYSIS = YES;
				CLANG_WARN_STRICT_PROTOTYPES = YES;
				CLANG_WARN_SUSPICIOUS_MOVE = YES;
				CLANG_WARN_UNGUARDED_AVAILABILITY = YES_AGGRESSIVE;
				CLANG_WARN_UNREACHABLE_CODE = YES;
				CLANG_WARN__DUPLICATE_METHOD_MATCH = YES;
				COPY_PHASE_STRIP = NO;
				DEBUG_INFORMATION_FORMAT = "dwarf-with-dsym";
				ENABLE_NS_ASSERTIONS = NO;
				ENABLE_STRICT_OBJC_MSGSEND = YES;
				ENABLE_USER_SCRIPT_SANDBOXING = YES;
				GCC_C_LANGUAGE_STANDARD = gnu17;
				GCC_NO_COMMON_BLOCKS = YES;
				GCC_WARN_64_TO_32_BIT_CONVERSION = YES;
				GCC_WARN_ABOUT_RETURN_TYPE = YES_ERROR;
				GCC_WARN_UNDECLARED_SELECTOR = YES;
				GCC_WARN_UNINITIALIZED_AUTOS = YES_AGGRESSIVE;
				GCC_WARN_UNUSED_FUNCTION = YES;
				GCC_WARN_UNUSED_VARIABLE = YES;
				IPHONEOS_DEPLOYMENT_TARGET = 16.0;
				LOCALIZATION_PREFERS_STRING_CATALOGS = YES;
				MTL_ENABLE_DEBUG_INFO = NO;
				MTL_FAST_MATH = YES;
				SDKROOT = iphoneos;
				SWIFT_COMPILATION_MODE = wholemodule;
				VALIDATE_PRODUCT = YES;
			};
			name = Release;
		};
		25E106992B68E4660075D34E /* Debug */ = {
			isa = XCBuildConfiguration;
			buildSettings = {
				ASSETCATALOG_COMPILER_APPICON_NAME = AppIcon;
				ASSETCATALOG_COMPILER_GLOBAL_ACCENT_COLOR_NAME = AccentColor;
				CODE_SIGN_STYLE = Automatic;
				CURRENT_PROJECT_VERSION = 1;
				DEVELOPMENT_TEAM = 94L65Y4872;
				GENERATE_INFOPLIST_FILE = YES;
				INFOPLIST_FILE = RickAndMorty/Info.plist;
				INFOPLIST_KEY_UIApplicationSupportsIndirectInputEvents = YES;
				INFOPLIST_KEY_UILaunchStoryboardName = LaunchScreen;
				INFOPLIST_KEY_UISupportedInterfaceOrientations_iPad = "UIInterfaceOrientationPortrait UIInterfaceOrientationPortraitUpsideDown UIInterfaceOrientationLandscapeLeft UIInterfaceOrientationLandscapeRight";
				INFOPLIST_KEY_UISupportedInterfaceOrientations_iPhone = "UIInterfaceOrientationPortrait UIInterfaceOrientationLandscapeLeft UIInterfaceOrientationLandscapeRight";
				IPHONEOS_DEPLOYMENT_TARGET = 16.0;
				LD_RUNPATH_SEARCH_PATHS = (
					"$(inherited)",
					"@executable_path/Frameworks",
				);
				MARKETING_VERSION = 1.0;
				PRODUCT_BUNDLE_IDENTIFIER = com.cnj.RickAndMorty;
				PRODUCT_NAME = "$(TARGET_NAME)";
				SWIFT_EMIT_LOC_STRINGS = YES;
				SWIFT_VERSION = 5.0;
				TARGETED_DEVICE_FAMILY = "1,2";
			};
			name = Debug;
		};
		25E1069A2B68E4660075D34E /* Release */ = {
			isa = XCBuildConfiguration;
			buildSettings = {
				ASSETCATALOG_COMPILER_APPICON_NAME = AppIcon;
				ASSETCATALOG_COMPILER_GLOBAL_ACCENT_COLOR_NAME = AccentColor;
				CODE_SIGN_STYLE = Automatic;
				CURRENT_PROJECT_VERSION = 1;
				DEVELOPMENT_TEAM = 94L65Y4872;
				GENERATE_INFOPLIST_FILE = YES;
				INFOPLIST_FILE = RickAndMorty/Info.plist;
				INFOPLIST_KEY_UIApplicationSupportsIndirectInputEvents = YES;
				INFOPLIST_KEY_UILaunchStoryboardName = LaunchScreen;
				INFOPLIST_KEY_UISupportedInterfaceOrientations_iPad = "UIInterfaceOrientationPortrait UIInterfaceOrientationPortraitUpsideDown UIInterfaceOrientationLandscapeLeft UIInterfaceOrientationLandscapeRight";
				INFOPLIST_KEY_UISupportedInterfaceOrientations_iPhone = "UIInterfaceOrientationPortrait UIInterfaceOrientationLandscapeLeft UIInterfaceOrientationLandscapeRight";
				IPHONEOS_DEPLOYMENT_TARGET = 16.0;
				LD_RUNPATH_SEARCH_PATHS = (
					"$(inherited)",
					"@executable_path/Frameworks",
				);
				MARKETING_VERSION = 1.0;
				PRODUCT_BUNDLE_IDENTIFIER = com.cnj.RickAndMorty;
				PRODUCT_NAME = "$(TARGET_NAME)";
				SWIFT_EMIT_LOC_STRINGS = YES;
				SWIFT_VERSION = 5.0;
				TARGETED_DEVICE_FAMILY = "1,2";
			};
			name = Release;
		};
/* End XCBuildConfiguration section */

/* Begin XCConfigurationList section */
		25E1067F2B68E4640075D34E /* Build configuration list for PBXProject "RickAndMorty" */ = {
			isa = XCConfigurationList;
			buildConfigurations = (
				25E106962B68E4660075D34E /* Debug */,
				25E106972B68E4660075D34E /* Release */,
			);
			defaultConfigurationIsVisible = 0;
			defaultConfigurationName = Release;
		};
		25E106982B68E4660075D34E /* Build configuration list for PBXNativeTarget "RickAndMorty" */ = {
			isa = XCConfigurationList;
			buildConfigurations = (
				25E106992B68E4660075D34E /* Debug */,
				25E1069A2B68E4660075D34E /* Release */,
			);
			defaultConfigurationIsVisible = 0;
			defaultConfigurationName = Release;
		};
/* End XCConfigurationList section */
	};
	rootObject = 25E1067C2B68E4640075D34E /* Project object */;
}
